
Microsoft Visual Studio Solution File, Format Version 12.00
# Visual Studio Version 16
VisualStudioVersion = 16.0.29411.108
MinimumVisualStudioVersion = 10.0.40219.1
Project("{FAE04EC0-301F-11D3-BF4B-00C04F79EFBC}") = "Assignment", "Assignment\Assignment.csproj", "{8EF87443-B61B-41F9-955D-39A0BC5D79A1}"
EndProject
Project("{FAE04EC0-301F-11D3-BF4B-00C04F79EFBC}") = "AssignmentTest", "AssignmentTest\AssignmentTest.csproj", "{5832C36A-90FF-49DC-AFB4-E97B4C384E3B}"
EndProject
Global
	GlobalSection(SolutionConfigurationPlatforms) = preSolution
		Debug|Any CPU = Debug|Any CPU
		Release|Any CPU = Release|Any CPU
	EndGlobalSection
	GlobalSection(ProjectConfigurationPlatforms) = postSolution
		{8EF87443-B61B-41F9-955D-39A0BC5D79A1}.Debug|Any CPU.ActiveCfg = Debug|Any CPU
		{8EF87443-B61B-41F9-955D-39A0BC5D79A1}.Debug|Any CPU.Build.0 = Debug|Any CPU
		{8EF87443-B61B-41F9-955D-39A0BC5D79A1}.Release|Any CPU.ActiveCfg = Release|Any CPU
		{8EF87443-B61B-41F9-955D-39A0BC5D79A1}.Release|Any CPU.Build.0 = Release|Any CPU
		{5832C36A-90FF-49DC-AFB4-E97B4C384E3B}.Debug|Any CPU.ActiveCfg = Debug|Any CPU
		{5832C36A-90FF-49DC-AFB4-E97B4C384E3B}.Debug|Any CPU.Build.0 = Debug|Any CPU
		{5832C36A-90FF-49DC-AFB4-E97B4C384E3B}.Release|Any CPU.ActiveCfg = Release|Any CPU
		{5832C36A-90FF-49DC-AFB4-E97B4C384E3B}.Release|Any CPU.Build.0 = Release|Any CPU
	EndGlobalSection
	GlobalSection(SolutionProperties) = preSolution
		HideSolutionNode = FALSE
	EndGlobalSection
	GlobalSection(ExtensibilityGlobals) = postSolution
		SolutionGuid = {377D214A-AC4A-45C0-93E7-36BB1035653F}
	EndGlobalSection
EndGlobal
